
Microsoft Visual Studio Solution File, Format Version 12.00
# Visual Studio Version 16
VisualStudioVersion = 16.0.30804.86
MinimumVisualStudioVersion = 10.0.40219.1
Project("{FAE04EC0-301F-11D3-BF4B-00C04F79EFBC}") = "ExternalImageService", "ExternalImageService.csproj", "{9327D931-7B94-4B76-8401-A2069FF6DE85}"
EndProject
Global
	GlobalSection(SolutionConfigurationPlatforms) = preSolution
		Debug|Any CPU = Debug|Any CPU
		Release|Any CPU = Release|Any CPU
	EndGlobalSection
	GlobalSection(ProjectConfigurationPlatforms) = postSolution
		{9327D931-7B94-4B76-8401-A2069FF6DE85}.Debug|Any CPU.ActiveCfg = Debug|Any CPU
		{9327D931-7B94-4B76-8401-A2069FF6DE85}.Debug|Any CPU.Build.0 = Debug|Any CPU
		{9327D931-7B94-4B76-8401-A2069FF6DE85}.Release|Any CPU.ActiveCfg = Release|Any CPU
		{9327D931-7B94-4B76-8401-A2069FF6DE85}.Release|Any CPU.Build.0 = Release|Any CPU
	EndGlobalSection
	GlobalSection(SolutionProperties) = preSolution
		HideSolutionNode = FALSE
	EndGlobalSection
	GlobalSection(ExtensibilityGlobals) = postSolution
		SolutionGuid = {E1B5BE52-08B7-4A55-8011-C2815199CB24}
	EndGlobalSection
EndGlobal
